
Microsoft Visual Studio Solution File, Format Version 12.00
# Visual Studio 15
VisualStudioVersion = 15.0.28010.2036
MinimumVisualStudioVersion = 10.0.40219.1
Project("{FAE04EC0-301F-11D3-BF4B-00C04F79EFBC}") = "ReciWiz", "ReciWiz\ReciWiz.csproj", "{6ED813D7-27BA-44F0-A5AA-01A83A6264B1}"
EndProject
Project("{FAE04EC0-301F-11D3-BF4B-00C04F79EFBC}") = "ReciLib", "ReciLib\ReciLib.csproj", "{60E5980A-7C14-4CBB-9EDF-EEE556031033}"
EndProject
Global
	GlobalSection(SolutionConfigurationPlatforms) = preSolution
		Debug|Any CPU = Debug|Any CPU
		Release|Any CPU = Release|Any CPU
	EndGlobalSection
	GlobalSection(ProjectConfigurationPlatforms) = postSolution
		{6ED813D7-27BA-44F0-A5AA-01A83A6264B1}.Debug|Any CPU.ActiveCfg = Debug|Any CPU
		{6ED813D7-27BA-44F0-A5AA-01A83A6264B1}.Debug|Any CPU.Build.0 = Debug|Any CPU
		{6ED813D7-27BA-44F0-A5AA-01A83A6264B1}.Release|Any CPU.ActiveCfg = Release|Any CPU
		{6ED813D7-27BA-44F0-A5AA-01A83A6264B1}.Release|Any CPU.Build.0 = Release|Any CPU
		{60E5980A-7C14-4CBB-9EDF-EEE556031033}.Debug|Any CPU.ActiveCfg = Debug|Any CPU
		{60E5980A-7C14-4CBB-9EDF-EEE556031033}.Debug|Any CPU.Build.0 = Debug|Any CPU
		{60E5980A-7C14-4CBB-9EDF-EEE556031033}.Release|Any CPU.ActiveCfg = Release|Any CPU
		{60E5980A-7C14-4CBB-9EDF-EEE556031033}.Release|Any CPU.Build.0 = Release|Any CPU
	EndGlobalSection
	GlobalSection(SolutionProperties) = preSolution
		HideSolutionNode = FALSE
	EndGlobalSection
	GlobalSection(ExtensibilityGlobals) = postSolution
		SolutionGuid = {DBDD9CFC-A8DE-4066-8293-5A7CDF41E838}
	EndGlobalSection
EndGlobal
