
Microsoft Visual Studio Solution File, Format Version 12.00
# Visual Studio 15
VisualStudioVersion = 15.0.28010.2036
MinimumVisualStudioVersion = 10.0.40219.1
Project("{FAE04EC0-301F-11D3-BF4B-00C04F79EFBC}") = "ReciTest", "ReciTest\ReciTest.csproj", "{0434134A-8810-413C-ACA3-CDE1369C8D40}"
EndProject
Project("{FAE04EC0-301F-11D3-BF4B-00C04F79EFBC}") = "RecipeLib", "RecipeLib\RecipeLib.csproj", "{4841AAEE-86EA-4E1C-8B4C-EC8821097364}"
EndProject
Project("{FAE04EC0-301F-11D3-BF4B-00C04F79EFBC}") = "ReciWizGUI", "ReciWizGUI\ReciWizGUI.csproj", "{495306AE-DEEE-4F04-BCAC-AB2D5C0CEE11}"
EndProject
Global
	GlobalSection(SolutionConfigurationPlatforms) = preSolution
		Debug|Any CPU = Debug|Any CPU
		Release|Any CPU = Release|Any CPU
	EndGlobalSection
	GlobalSection(ProjectConfigurationPlatforms) = postSolution
		{0434134A-8810-413C-ACA3-CDE1369C8D40}.Debug|Any CPU.ActiveCfg = Debug|Any CPU
		{0434134A-8810-413C-ACA3-CDE1369C8D40}.Debug|Any CPU.Build.0 = Debug|Any CPU
		{0434134A-8810-413C-ACA3-CDE1369C8D40}.Release|Any CPU.ActiveCfg = Release|Any CPU
		{0434134A-8810-413C-ACA3-CDE1369C8D40}.Release|Any CPU.Build.0 = Release|Any CPU
		{4841AAEE-86EA-4E1C-8B4C-EC8821097364}.Debug|Any CPU.ActiveCfg = Debug|Any CPU
		{4841AAEE-86EA-4E1C-8B4C-EC8821097364}.Debug|Any CPU.Build.0 = Debug|Any CPU
		{4841AAEE-86EA-4E1C-8B4C-EC8821097364}.Release|Any CPU.ActiveCfg = Release|Any CPU
		{4841AAEE-86EA-4E1C-8B4C-EC8821097364}.Release|Any CPU.Build.0 = Release|Any CPU
		{495306AE-DEEE-4F04-BCAC-AB2D5C0CEE11}.Debug|Any CPU.ActiveCfg = Debug|Any CPU
		{495306AE-DEEE-4F04-BCAC-AB2D5C0CEE11}.Debug|Any CPU.Build.0 = Debug|Any CPU
		{495306AE-DEEE-4F04-BCAC-AB2D5C0CEE11}.Release|Any CPU.ActiveCfg = Release|Any CPU
		{495306AE-DEEE-4F04-BCAC-AB2D5C0CEE11}.Release|Any CPU.Build.0 = Release|Any CPU
	EndGlobalSection
	GlobalSection(SolutionProperties) = preSolution
		HideSolutionNode = FALSE
	EndGlobalSection
	GlobalSection(ExtensibilityGlobals) = postSolution
		SolutionGuid = {DBDD9CFC-A8DE-4066-8293-5A7CDF41E838}
	EndGlobalSection
EndGlobal
